# This file is generated by craft.
version = 1
manifest = "Craft.toml"
manifest-digest = "fnv1a64:116488575969dd1a"

[[package]]
id = "xml 0.1.0 root"
name = "xml"
version = "0.1.0"
source = "root"
manifest = "Craft.toml"
manifest-digest = "fnv1a64:116488575969dd1a"

[[package-target]]
package = "xml 0.1.0 root"
kind = "lib"
root = "src/lib.kn"

[[package-target]]
package = "xml 0.1.0 root"
kind = "test"
name = "smoke"
root = "tests/smoke.kn"

[[package-target]]
package = "xml 0.1.0 root"
kind = "test"
name = "fixtures"
root = "tests/fixtures.kn"

[[package-target]]
package = "xml 0.1.0 root"
kind = "example"
name = "bench_xml"
root = "examples/bench_xml.kn"

[[publish-proof]]
package-id = "xml 0.1.0 root"
path = "."
package = "xml"
version = "0.1.0"
kern = "0.8"
description = "XML parsing and decoding utilities for Kern"
license = "MIT"
authors = ["softfault <givenyoung46@gmail.com>"]
readme = "README.md"
repository = "https://github.com/kern-project/xml-kern.git"
manifest-sha256 = "sha256:ce46d79de86cf4611609bee944fc055a19baa0085c37192fb90c1d9c37c4a842"
source-sha256 = "sha256:ccdbafd5d4759986b3d36dc7d43e11fe3cc828ee52907bd40de6ac73f37213ae"
